// !$*UTF8*$!
{
	archiveVersion = 1;
	classes = {
	};
	objectVersion = 46;
	objects = {

/* Begin PBXBuildFile section */
		122E752B1AB2B4C400BF65FC /* PlaySoundViewController.swift in Sources */ = {isa = PBXBuildFile; fileRef = 122E752A1AB2B4C400BF65FC /* PlaySoundViewController.swift */; };
		122E752D1AB2B9C800BF65FC /* movie_quote.mp3 in Resources */ = {isa = PBXBuildFile; fileRef = 122E752C1AB2B9C800BF65FC /* movie_quote.mp3 */; };
		122E752F1AB2CCB400BF65FC /* RecordedAudio.swift in Sources */ = {isa = PBXBuildFile; fileRef = 122E752E1AB2CCB400BF65FC /* RecordedAudio.swift */; };
		12C482011AB0660F0014B182 /* AppDelegate.swift in Sources */ = {isa = PBXBuildFile; fileRef = 12C482001AB0660F0014B182 /* AppDelegate.swift */; };
		12C482031AB0660F0014B182 /* RecordSoundsViewController.swift in Sources */ = {isa = PBXBuildFile; fileRef = 12C482021AB0660F0014B182 /* RecordSoundsViewController.swift */; };
		12C482061AB0660F0014B182 /* Main.storyboard in Resources */ = {isa = PBXBuildFile; fileRef = 12C482041AB0660F0014B182 /* Main.storyboard */; };
		12C482081AB0660F0014B182 /* Images.xcassets in Resources */ = {isa = PBXBuildFile; fileRef = 12C482071AB0660F0014B182 /* Images.xcassets */; };
		12C4820B1AB0660F0014B182 /* LaunchScreen.xib in Resources */ = {isa = PBXBuildFile; fileRef = 12C482091AB0660F0014B182 /* LaunchScreen.xib */; };
		12C482171AB0660F0014B182 /* Pitch_PerfectTests.swift in Sources */ = {isa = PBXBuildFile; fileRef = 12C482161AB0660F0014B182 /* Pitch_PerfectTests.swift */; };
/* End PBXBuildFile section */

/* Begin PBXContainerItemProxy section */
		12C482111AB0660F0014B182 /* PBXContainerItemProxy */ = {
			isa = PBXContainerItemProxy;
			containerPortal = 12C481F31AB0660F0014B182 /* Project object */;
			proxyType = 1;
			remoteGlobalIDString = 12C481FA1AB0660F0014B182;
			remoteInfo = "Pitch Perfect";
		};
/* End PBXContainerItemProxy section */

/* Begin PBXFileReference section */
		122E752A1AB2B4C400BF65FC /* PlaySoundViewController.swift */ = {isa = PBXFileReference; fileEncoding = 4; lastKnownFileType = sourcecode.swift; name = PlaySoundViewController.swift; path = ../PlaySoundViewController.swift; sourceTree = "<group>"; };
		122E752C1AB2B9C800BF65FC /* movie_quote.mp3 */ = {isa = PBXFileReference; lastKnownFileType = audio.mp3; name = movie_quote.mp3; path = ../../../../Downloads/movie_quote.mp3; sourceTree = "<group>"; };
		122E752E1AB2CCB400BF65FC /* RecordedAudio.swift */ = {isa = PBXFileReference; fileEncoding = 4; lastKnownFileType = sourcecode.swift; path = RecordedAudio.swift; sourceTree = "<group>"; };
		12C481FB1AB0660F0014B182 /* Pitch Perfect.app */ = {isa = PBXFileReference; explicitFileType = wrapper.application; includeInIndex = 0; path = "Pitch Perfect.app"; sourceTree = BUILT_PRODUCTS_DIR; };
		12C481FF1AB0660F0014B182 /* Info.plist */ = {isa = PBXFileReference; lastKnownFileType = text.plist.xml; path = Info.plist; sourceTree = "<group>"; };
		12C482001AB0660F0014B182 /* AppDelegate.swift */ = {isa = PBXFileReference; lastKnownFileType = sourcecode.swift; path = AppDelegate.swift; sourceTree = "<group>"; };
		12C482021AB0660F0014B182 /* RecordSoundsViewController.swift */ = {isa = PBXFileReference; lastKnownFileType = sourcecode.swift; path = RecordSoundsViewController.swift; sourceTree = "<group>"; };
		12C482051AB0660F0014B182 /* Base */ = {isa = PBXFileReference; lastKnownFileType = file.storyboard; name = Base; path = Base.lproj/Main.storyboard; sourceTree = "<group>"; };
		12C482071AB0660F0014B182 /* Images.xcassets */ = {isa = PBXFileReference; lastKnownFileType = folder.assetcatalog; path = Images.xcassets; sourceTree = "<group>"; };
		12C4820A1AB0660F0014B182 /* Base */ = {isa = PBXFileReference; lastKnownFileType = file.xib; name = Base; path = Base.lproj/LaunchScreen.xib; sourceTree = "<group>"; };
		12C482101AB0660F0014B182 /* Pitch PerfectTests.xctest */ = {isa = PBXFileReference; explicitFileType = wrapper.cfbundle; includeInIndex = 0; path = "Pitch PerfectTests.xctest"; sourceTree = BUILT_PRODUCTS_DIR; };
		12C482151AB0660F0014B182 /* Info.plist */ = {isa = PBXFileReference; lastKnownFileType = text.plist.xml; path = Info.plist; sourceTree = "<group>"; };
		12C482161AB0660F0014B182 /* Pitch_PerfectTests.swift */ = {isa = PBXFileReference; lastKnownFileType = sourcecode.swift; path = Pitch_PerfectTests.swift; sourceTree = "<group>"; };
/* End PBXFileReference section */

/* Begin PBXFrameworksBuildPhase section */
		12C481F81AB0660F0014B182 /* Frameworks */ = {
			isa = PBXFrameworksBuildPhase;
			buildActionMask = 2147483647;
			files = (
			);
			runOnlyForDeploymentPostprocessing = 0;
		};
		12C4820D1AB0660F0014B182 /* Frameworks */ = {
			isa = PBXFrameworksBuildPhase;
			buildActionMask = 2147483647;
			files = (
			);
			runOnlyForDeploymentPostprocessing = 0;
		};
/* End PBXFrameworksBuildPhase section */

/* Begin PBXGroup section */
		12C481F21AB0660F0014B182 = {
			isa = PBXGroup;
			children = (
				12C481FD1AB0660F0014B182 /* Pitch Perfect */,
				12C482131AB0660F0014B182 /* Pitch PerfectTests */,
				12C481FC1AB0660F0014B182 /* Products */,
			);
			sourceTree = "<group>";
		};
		12C481FC1AB0660F0014B182 /* Products */ = {
			isa = PBXGroup;
			children = (
				12C481FB1AB0660F0014B182 /* Pitch Perfect.app */,
				12C482101AB0660F0014B182 /* Pitch PerfectTests.xctest */,
			);
			name = Products;
			sourceTree = "<group>";
		};
		12C481FD1AB0660F0014B182 /* Pitch Perfect */ = {
			isa = PBXGroup;
			children = (
				122E752A1AB2B4C400BF65FC /* PlaySoundViewController.swift */,
				12C482001AB0660F0014B182 /* AppDelegate.swift */,
				12C482021AB0660F0014B182 /* RecordSoundsViewController.swift */,
				12C482041AB0660F0014B182 /* Main.storyboard */,
				122E752E1AB2CCB400BF65FC /* RecordedAudio.swift */,
				122E752C1AB2B9C800BF65FC /* movie_quote.mp3 */,
				12C482071AB0660F0014B182 /* Images.xcassets */,
				12C482091AB0660F0014B182 /* LaunchScreen.xib */,
				12C481FE1AB0660F0014B182 /* Supporting Files */,
			);
			path = "Pitch Perfect";
			sourceTree = "<group>";
		};
		12C481FE1AB0660F0014B182 /* Supporting Files */ = {
			isa = PBXGroup;
			children = (
				12C481FF1AB0660F0014B182 /* Info.plist */,
			);
			name = "Supporting Files";
			sourceTree = "<group>";
		};
		12C482131AB0660F0014B182 /* Pitch PerfectTests */ = {
			isa = PBXGroup;
			children = (
				12C482161AB0660F0014B182 /* Pitch_PerfectTests.swift */,
				12C482141AB0660F0014B182 /* Supporting Files */,
			);
			path = "Pitch PerfectTests";
			sourceTree = "<group>";
		};
		12C482141AB0660F0014B182 /* Supporting Files */ = {
			isa = PBXGroup;
			children = (
				12C482151AB0660F0014B182 /* Info.plist */,
			);
			name = "Supporting Files";
			sourceTree = "<group>";
		};
/* End PBXGroup section */

/* Begin PBXNativeTarget section */
		12C481FA1AB0660F0014B182 /* Pitch Perfect */ = {
			isa = PBXNativeTarget;
			buildConfigurationList = 12C4821A1AB0660F0014B182 /* Build configuration list for PBXNativeTarget "Pitch Perfect" */;
			buildPhases = (
				12C481F71AB0660F0014B182 /* Sources */,
				12C481F81AB0660F0014B182 /* Frameworks */,
				12C481F91AB0660F0014B182 /* Resources */,
			);
			buildRules = (
			);
			dependencies = (
			);
			name = "Pitch Perfect";
			productName = "Pitch Perfect";
			productReference = 12C481FB1AB0660F0014B182 /* Pitch Perfect.app */;
			productType = "com.apple.product-type.application";
		};
		12C4820F1AB0660F0014B182 /* Pitch PerfectTests */ = {
			isa = PBXNativeTarget;
			buildConfigurationList = 12C4821D1AB0660F0014B182 /* Build configuration list for PBXNativeTarget "Pitch PerfectTests" */;
			buildPhases = (
				12C4820C1AB0660F0014B182 /* Sources */,
				12C4820D1AB0660F0014B182 /* Frameworks */,
				12C4820E1AB0660F0014B182 /* Resources */,
			);
			buildRules = (
			);
			dependencies = (
				12C482121AB0660F0014B182 /* PBXTargetDependency */,
			);
			name = "Pitch PerfectTests";
			productName = "Pitch PerfectTests";
			productReference = 12C482101AB0660F0014B182 /* Pitch PerfectTests.xctest */;
			productType = "com.apple.product-type.bundle.unit-test";
		};
/* End PBXNativeTarget section */

/* Begin PBXProject section */
		12C481F31AB0660F0014B182 /* Project object */ = {
			isa = PBXProject;
			attributes = {
				LastUpgradeCheck = 0620;
				ORGANIZATIONNAME = "Ranbir Singh";
				TargetAttributes = {
					12C481FA1AB0660F0014B182 = {
						CreatedOnToolsVersion = 6.2;
						DevelopmentTeam = 8F3H4V6PA3;
					};
					12C4820F1AB0660F0014B182 = {
						CreatedOnToolsVersion = 6.2;
						DevelopmentTeam = 8F3H4V6PA3;
						TestTargetID = 12C481FA1AB0660F0014B182;
					};
				};
			};
			buildConfigurationList = 12C481F61AB0660F0014B182 /* Build configuration list for PBXProject "Pitch Perfect" */;
			compatibilityVersion = "Xcode 3.2";
			developmentRegion = English;
			hasScannedForEncodings = 0;
			knownRegions = (
				en,
				Base,
			);
			mainGroup = 12C481F21AB0660F0014B182;
			productRefGroup = 12C481FC1AB0660F0014B182 /* Products */;
			projectDirPath = "";
			projectRoot = "";
			targets = (
				12C481FA1AB0660F0014B182 /* Pitch Perfect */,
				12C4820F1AB0660F0014B182 /* Pitch PerfectTests */,
			);
		};
/* End PBXProject section */

/* Begin PBXResourcesBuildPhase section */
		12C481F91AB0660F0014B182 /* Resources */ = {
			isa = PBXResourcesBuildPhase;
			buildActionMask = 2147483647;
			files = (
				12C482061AB0660F0014B182 /* Main.storyboard in Resources */,
				12C4820B1AB0660F0014B182 /* LaunchScreen.xib in Resources */,
				122E752D1AB2B9C800BF65FC /* movie_quote.mp3 in Resources */,
				12C482081AB0660F0014B182 /* Images.xcassets in Resources */,
			);
			runOnlyForDeploymentPostprocessing = 0;
		};
		12C4820E1AB0660F0014B182 /* Resources */ = {
			isa = PBXResourcesBuildPhase;
			buildActionMask = 2147483647;
			files = (
			);
			runOnlyForDeploymentPostprocessing = 0;
		};
/* End PBXResourcesBuildPhase section */

/* Begin PBXSourcesBuildPhase section */
		12C481F71AB0660F0014B182 /* Sources */ = {
			isa = PBXSourcesBuildPhase;
			buildActionMask = 2147483647;
			files = (
				122E752F1AB2CCB400BF65FC /* RecordedAudio.swift in Sources */,
				12C482031AB0660F0014B182 /* RecordSoundsViewController.swift in Sources */,
				122E752B1AB2B4C400BF65FC /* PlaySoundViewController.swift in Sources */,
				12C482011AB0660F0014B182 /* AppDelegate.swift in Sources */,
			);
			runOnlyForDeploymentPostprocessing = 0;
		};
		12C4820C1AB0660F0014B182 /* Sources */ = {
			isa = PBXSourcesBuildPhase;
			buildActionMask = 2147483647;
			files = (
				12C482171AB0660F0014B182 /* Pitch_PerfectTests.swift in Sources */,
			);
			runOnlyForDeploymentPostprocessing = 0;
		};
/* End PBXSourcesBuildPhase section */

/* Begin PBXTargetDependency section */
		12C482121AB0660F0014B182 /* PBXTargetDependency */ = {
			isa = PBXTargetDependency;
			target = 12C481FA1AB0660F0014B182 /* Pitch Perfect */;
			targetProxy = 12C482111AB0660F0014B182 /* PBXContainerItemProxy */;
		};
/* End PBXTargetDependency section */

/* Begin PBXVariantGroup section */
		12C482041AB0660F0014B182 /* Main.storyboard */ = {
			isa = PBXVariantGroup;
			children = (
				12C482051AB0660F0014B182 /* Base */,
			);
			name = Main.storyboard;
			sourceTree = "<group>";
		};
		12C482091AB0660F0014B182 /* LaunchScreen.xib */ = {
			isa = PBXVariantGroup;
			children = (
				12C4820A1AB0660F0014B182 /* Base */,
			);
			name = LaunchScreen.xib;
			sourceTree = "<group>";
		};
/* End PBXVariantGroup section */

/* Begin XCBuildConfiguration section */
		12C482181AB0660F0014B182 /* Debug */ = {
			isa = XCBuildConfiguration;
			buildSettings = {
				ALWAYS_SEARCH_USER_PATHS = NO;
				CLANG_CXX_LANGUAGE_STANDARD = "gnu++0x";
				CLANG_CXX_LIBRARY = "libc++";
				CLANG_ENABLE_MODULES = YES;
				CLANG_ENABLE_OBJC_ARC = YES;
				CLANG_WARN_BOOL_CONVERSION = YES;
				CLANG_WARN_CONSTANT_CONVERSION = YES;
				CLANG_WARN_DIRECT_OBJC_ISA_USAGE = YES_ERROR;
				CLANG_WARN_EMPTY_BODY = YES;
				CLANG_WARN_ENUM_CONVERSION = YES;
				CLANG_WARN_INT_CONVERSION = YES;
				CLANG_WARN_OBJC_ROOT_CLASS = YES_ERROR;
				CLANG_WARN_UNREACHABLE_CODE = YES;
				CLANG_WARN__DUPLICATE_METHOD_MATCH = YES;
				"CODE_SIGN_IDENTITY[sdk=iphoneos*]" = "iPhone Developer";
				COPY_PHASE_STRIP = NO;
				ENABLE_STRICT_OBJC_MSGSEND = YES;
				GCC_C_LANGUAGE_STANDARD = gnu99;
				GCC_DYNAMIC_NO_PIC = NO;
				GCC_OPTIMIZATION_LEVEL = 0;
				GCC_PREPROCESSOR_DEFINITIONS = (
					"DEBUG=1",
					"$(inherited)",
				);
				GCC_SYMBOLS_PRIVATE_EXTERN = NO;
				GCC_WARN_64_TO_32_BIT_CONVERSION = YES;
				GCC_WARN_ABOUT_RETURN_TYPE = YES_ERROR;
				GCC_WARN_UNDECLARED_SELECTOR = YES;
				GCC_WARN_UNINITIALIZED_AUTOS = YES_AGGRESSIVE;
				GCC_WARN_UNUSED_FUNCTION = YES;
				GCC_WARN_UNUSED_VARIABLE = YES;
				IPHONEOS_DEPLOYMENT_TARGET = 8.2;
				MTL_ENABLE_DEBUG_INFO = YES;
				ONLY_ACTIVE_ARCH = YES;
				SDKROOT = iphoneos;
				SWIFT_OPTIMIZATION_LEVEL = "-Onone";
			};
			name = Debug;
		};
		12C482191AB0660F0014B182 /* Release */ = {
			isa = XCBuildConfiguration;
			buildSettings = {
				ALWAYS_SEARCH_USER_PATHS = NO;
				CLANG_CXX_LANGUAGE_STANDARD = "gnu++0x";
				CLANG_CXX_LIBRARY = "libc++";
				CLANG_ENABLE_MODULES = YES;
				CLANG_ENABLE_OBJC_ARC = YES;
				CLANG_WARN_BOOL_CONVERSION = YES;
				CLANG_WARN_CONSTANT_CONVERSION = YES;
				CLANG_WARN_DIRECT_OBJC_ISA_USAGE = YES_ERROR;
				CLANG_WARN_EMPTY_BODY = YES;
				CLANG_WARN_ENUM_CONVERSION = YES;
				CLANG_WARN_INT_CONVERSION = YES;
				CLANG_WARN_OBJC_ROOT_CLASS = YES_ERROR;
				CLANG_WARN_UNREACHABLE_CODE = YES;
				CLANG_WARN__DUPLICATE_METHOD_MATCH = YES;
				"CODE_SIGN_IDENTITY[sdk=iphoneos*]" = "iPhone Developer";
				COPY_PHASE_STRIP = NO;
				ENABLE_NS_ASSERTIONS = NO;
				ENABLE_STRICT_OBJC_MSGSEND = YES;
				GCC_C_LANGUAGE_STANDARD = gnu99;
				GCC_WARN_64_TO_32_BIT_CONVERSION = YES;
				GCC_WARN_ABOUT_RETURN_TYPE = YES_ERROR;
				GCC_WARN_UNDECLARED_SELECTOR = YES;
				GCC_WARN_UNINITIALIZED_AUTOS = YES_AGGRESSIVE;
				GCC_WARN_UNUSED_FUNCTION = YES;
				GCC_WARN_UNUSED_VARIABLE = YES;
				IPHONEOS_DEPLOYMENT_TARGET = 8.2;
				MTL_ENABLE_DEBUG_INFO = NO;
				SDKROOT = iphoneos;
				VALIDATE_PRODUCT = YES;
			};
			name = Release;
		};
		12C4821B1AB0660F0014B182 /* Debug */ = {
			isa = XCBuildConfiguration;
			buildSettings = {
				ASSETCATALOG_COMPILER_APPICON_NAME = AppIcon;
				INFOPLIST_FILE = "Pitch Perfect/Info.plist";
				LD_RUNPATH_SEARCH_PATHS = "$(inherited) @executable_path/Frameworks";
				PRODUCT_NAME = "$(TARGET_NAME)";
			};
			name = Debug;
		};
		12C4821C1AB0660F0014B182 /* Release */ = {
			isa = XCBuildConfiguration;
			buildSettings = {
				ASSETCATALOG_COMPILER_APPICON_NAME = AppIcon;
				INFOPLIST_FILE = "Pitch Perfect/Info.plist";
				LD_RUNPATH_SEARCH_PATHS = "$(inherited) @executable_path/Frameworks";
				PRODUCT_NAME = "$(TARGET_NAME)";
			};
			name = Release;
		};
		12C4821E1AB0660F0014B182 /* Debug */ = {
			isa = XCBuildConfiguration;
			buildSettings = {
				BUNDLE_LOADER = "$(TEST_HOST)";
				CODE_SIGN_IDENTITY = "iPhone Developer";
				"CODE_SIGN_IDENTITY[sdk=iphoneos*]" = "iPhone Developer";
				FRAMEWORK_SEARCH_PATHS = (
					"$(SDKROOT)/Developer/Library/Frameworks",
					"$(inherited)",
				);
				GCC_PREPROCESSOR_DEFINITIONS = (
					"DEBUG=1",
					"$(inherited)",
				);
				INFOPLIST_FILE = "Pitch PerfectTests/Info.plist";
				LD_RUNPATH_SEARCH_PATHS = "$(inherited) @executable_path/Frameworks @loader_path/Frameworks";
				PRODUCT_NAME = "$(TARGET_NAME)";
				PROVISIONING_PROFILE = "";
				TEST_HOST = "$(BUILT_PRODUCTS_DIR)/Pitch Perfect.app/Pitch Perfect";
			};
			name = Debug;
		};
		12C4821F1AB0660F0014B182 /* Release */ = {
			isa = XCBuildConfiguration;
			buildSettings = {
				BUNDLE_LOADER = "$(TEST_HOST)";
				CODE_SIGN_IDENTITY = "iPhone Developer";
				"CODE_SIGN_IDENTITY[sdk=iphoneos*]" = "iPhone Developer";
				FRAMEWORK_SEARCH_PATHS = (
					"$(SDKROOT)/Developer/Library/Frameworks",
					"$(inherited)",
				);
				INFOPLIST_FILE = "Pitch PerfectTests/Info.plist";
				LD_RUNPATH_SEARCH_PATHS = "$(inherited) @executable_path/Frameworks @loader_path/Frameworks";
				PRODUCT_NAME = "$(TARGET_NAME)";
				PROVISIONING_PROFILE = "";
				TEST_HOST = "$(BUILT_PRODUCTS_DIR)/Pitch Perfect.app/Pitch Perfect";
			};
			name = Release;
		};
/* End XCBuildConfiguration section */

/* Begin XCConfigurationList section */
		12C481F61AB0660F0014B182 /* Build configuration list for PBXProject "Pitch Perfect" */ = {
			isa = XCConfigurationList;
			buildConfigurations = (
				12C482181AB0660F0014B182 /* Debug */,
				12C482191AB0660F0014B182 /* Release */,
			);
			defaultConfigurationIsVisible = 0;
			defaultConfigurationName = Release;
		};
		12C4821A1AB0660F0014B182 /* Build configuration list for PBXNativeTarget "Pitch Perfect" */ = {
			isa = XCConfigurationList;
			buildConfigurations = (
				12C4821B1AB0660F0014B182 /* Debug */,
				12C4821C1AB0660F0014B182 /* Release */,
			);
			defaultConfigurationIsVisible = 0;
			defaultConfigurationName = Release;
		};
		12C4821D1AB0660F0014B182 /* Build configuration list for PBXNativeTarget "Pitch PerfectTests" */ = {
			isa = XCConfigurationList;
			buildConfigurations = (
				12C4821E1AB0660F0014B182 /* Debug */,
				12C4821F1AB0660F0014B182 /* Release */,
			);
			defaultConfigurationIsVisible = 0;
			defaultConfigurationName = Release;
		};
/* End XCConfigurationList section */
	};
	rootObject = 12C481F31AB0660F0014B182 /* Project object */;
}
